
Microsoft Visual Studio Solution File, Format Version 12.00
# Visual Studio 15
VisualStudioVersion = 15.0.26114.2
MinimumVisualStudioVersion = 10.0.40219.1
Project("{FAE04EC0-301F-11D3-BF4B-00C04F79EFBC}") = "ThinkingHome.Migrator", "ThinkingHome.Migrator\ThinkingHome.Migrator.csproj", "{42FE7FAC-D9B8-4F7E-B5AD-EAE23B109541}"
EndProject
Project("{FAE04EC0-301F-11D3-BF4B-00C04F79EFBC}") = "ThinkingHome.Migrator.Framework", "ThinkingHome.Migrator.Framework\ThinkingHome.Migrator.Framework.csproj", "{CFFBF49E-5B72-4595-AD3C-64467CB57A3D}"
EndProject
Project("{FAE04EC0-301F-11D3-BF4B-00C04F79EFBC}") = "ThinkingHome.Migrator.Providers.PostgreSQL", "ThinkingHome.Migrator.Providers.PostgreSQL\ThinkingHome.Migrator.Providers.PostgreSQL.csproj", "{700B3BD1-0CC2-432F-B2A3-D7EC2139992C}"
EndProject
Project("{FAE04EC0-301F-11D3-BF4B-00C04F79EFBC}") = "ThinkingHome.Migrator.Tests", "ThinkingHome.Migrator.Tests\ThinkingHome.Migrator.Tests.csproj", "{ECCAA5B6-B0C0-419A-8B32-CA61BE11F731}"
EndProject
Project("{FAE04EC0-301F-11D3-BF4B-00C04F79EFBC}") = "ThinkingHome.Migrator.Providers.SQLite", "ThinkingHome.Migrator.Providers.SQLite\ThinkingHome.Migrator.Providers.SQLite.csproj", "{90C45452-6C55-4F56-BE8F-2E3C5B19D548}"
EndProject
Global
	GlobalSection(SolutionConfigurationPlatforms) = preSolution
		Debug|Any CPU = Debug|Any CPU
		Release|Any CPU = Release|Any CPU
	EndGlobalSection
	GlobalSection(ProjectConfigurationPlatforms) = postSolution
		{42FE7FAC-D9B8-4F7E-B5AD-EAE23B109541}.Debug|Any CPU.ActiveCfg = Debug|Any CPU
		{42FE7FAC-D9B8-4F7E-B5AD-EAE23B109541}.Debug|Any CPU.Build.0 = Debug|Any CPU
		{42FE7FAC-D9B8-4F7E-B5AD-EAE23B109541}.Release|Any CPU.ActiveCfg = Release|Any CPU
		{42FE7FAC-D9B8-4F7E-B5AD-EAE23B109541}.Release|Any CPU.Build.0 = Release|Any CPU
		{CFFBF49E-5B72-4595-AD3C-64467CB57A3D}.Debug|Any CPU.ActiveCfg = Debug|Any CPU
		{CFFBF49E-5B72-4595-AD3C-64467CB57A3D}.Debug|Any CPU.Build.0 = Debug|Any CPU
		{CFFBF49E-5B72-4595-AD3C-64467CB57A3D}.Release|Any CPU.ActiveCfg = Release|Any CPU
		{CFFBF49E-5B72-4595-AD3C-64467CB57A3D}.Release|Any CPU.Build.0 = Release|Any CPU
		{700B3BD1-0CC2-432F-B2A3-D7EC2139992C}.Debug|Any CPU.ActiveCfg = Debug|Any CPU
		{700B3BD1-0CC2-432F-B2A3-D7EC2139992C}.Debug|Any CPU.Build.0 = Debug|Any CPU
		{700B3BD1-0CC2-432F-B2A3-D7EC2139992C}.Release|Any CPU.ActiveCfg = Release|Any CPU
		{700B3BD1-0CC2-432F-B2A3-D7EC2139992C}.Release|Any CPU.Build.0 = Release|Any CPU
		{ECCAA5B6-B0C0-419A-8B32-CA61BE11F731}.Debug|Any CPU.ActiveCfg = Debug|Any CPU
		{ECCAA5B6-B0C0-419A-8B32-CA61BE11F731}.Debug|Any CPU.Build.0 = Debug|Any CPU
		{ECCAA5B6-B0C0-419A-8B32-CA61BE11F731}.Release|Any CPU.ActiveCfg = Release|Any CPU
		{ECCAA5B6-B0C0-419A-8B32-CA61BE11F731}.Release|Any CPU.Build.0 = Release|Any CPU
		{90C45452-6C55-4F56-BE8F-2E3C5B19D548}.Debug|Any CPU.ActiveCfg = Debug|Any CPU
		{90C45452-6C55-4F56-BE8F-2E3C5B19D548}.Debug|Any CPU.Build.0 = Debug|Any CPU
		{90C45452-6C55-4F56-BE8F-2E3C5B19D548}.Release|Any CPU.ActiveCfg = Release|Any CPU
		{90C45452-6C55-4F56-BE8F-2E3C5B19D548}.Release|Any CPU.Build.0 = Release|Any CPU
	EndGlobalSection
	GlobalSection(SolutionProperties) = preSolution
		HideSolutionNode = FALSE
	EndGlobalSection
EndGlobal
